
Microsoft Visual Studio Solution File, Format Version 12.00
# Visual Studio Version 16
VisualStudioVersion = 16.0.29319.158
MinimumVisualStudioVersion = 10.0.40219.1
Project("{9A19103F-16F7-4668-BE54-9A1E7A4F7556}") = "Xylox.UI", "Xylox.UI\Xylox.UI.csproj", "{32424444-DA02-420B-ABF6-2CC2BFCF6EF9}"
EndProject
Project("{9A19103F-16F7-4668-BE54-9A1E7A4F7556}") = "Xylox.Discord", "Xylox.Discord\Xylox.Discord.csproj", "{09E35275-5EFF-4114-86C3-52880026E886}"
EndProject
Project("{9A19103F-16F7-4668-BE54-9A1E7A4F7556}") = "Xylox.Services", "Xylox.Services\Xylox.Services.csproj", "{D1A75850-A529-47FF-96A4-8D55E9DC0CFE}"
EndProject
Project("{FAE04EC0-301F-11D3-BF4B-00C04F79EFBC}") = "Xylox.Audio", "Xylox.Audio\Xylox.Audio.csproj", "{6174E4DD-9ACB-4A96-AD2E-EB1A9EA6F330}"
EndProject
Global
	GlobalSection(SolutionConfigurationPlatforms) = preSolution
		Debug|Any CPU = Debug|Any CPU
		Release|Any CPU = Release|Any CPU
	EndGlobalSection
	GlobalSection(ProjectConfigurationPlatforms) = postSolution
		{32424444-DA02-420B-ABF6-2CC2BFCF6EF9}.Debug|Any CPU.ActiveCfg = Debug|Any CPU
		{32424444-DA02-420B-ABF6-2CC2BFCF6EF9}.Debug|Any CPU.Build.0 = Debug|Any CPU
		{32424444-DA02-420B-ABF6-2CC2BFCF6EF9}.Release|Any CPU.ActiveCfg = Release|Any CPU
		{32424444-DA02-420B-ABF6-2CC2BFCF6EF9}.Release|Any CPU.Build.0 = Release|Any CPU
		{09E35275-5EFF-4114-86C3-52880026E886}.Debug|Any CPU.ActiveCfg = Debug|Any CPU
		{09E35275-5EFF-4114-86C3-52880026E886}.Debug|Any CPU.Build.0 = Debug|Any CPU
		{09E35275-5EFF-4114-86C3-52880026E886}.Release|Any CPU.ActiveCfg = Release|Any CPU
		{09E35275-5EFF-4114-86C3-52880026E886}.Release|Any CPU.Build.0 = Release|Any CPU
		{D1A75850-A529-47FF-96A4-8D55E9DC0CFE}.Debug|Any CPU.ActiveCfg = Debug|Any CPU
		{D1A75850-A529-47FF-96A4-8D55E9DC0CFE}.Debug|Any CPU.Build.0 = Debug|Any CPU
		{D1A75850-A529-47FF-96A4-8D55E9DC0CFE}.Release|Any CPU.ActiveCfg = Release|Any CPU
		{D1A75850-A529-47FF-96A4-8D55E9DC0CFE}.Release|Any CPU.Build.0 = Release|Any CPU
		{6174E4DD-9ACB-4A96-AD2E-EB1A9EA6F330}.Debug|Any CPU.ActiveCfg = Debug|Any CPU
		{6174E4DD-9ACB-4A96-AD2E-EB1A9EA6F330}.Debug|Any CPU.Build.0 = Debug|Any CPU
		{6174E4DD-9ACB-4A96-AD2E-EB1A9EA6F330}.Release|Any CPU.ActiveCfg = Release|Any CPU
		{6174E4DD-9ACB-4A96-AD2E-EB1A9EA6F330}.Release|Any CPU.Build.0 = Release|Any CPU
	EndGlobalSection
	GlobalSection(SolutionProperties) = preSolution
		HideSolutionNode = FALSE
	EndGlobalSection
	GlobalSection(ExtensibilityGlobals) = postSolution
		SolutionGuid = {BA40EEE0-E967-47D6-B87C-B4CD870DF84C}
	EndGlobalSection
EndGlobal
